
Microsoft Visual Studio Solution File, Format Version 11.00
# Visual Studio 2010
Project("{FAE04EC0-301F-11D3-BF4B-00C04F79EFBC}") = "LinkedListApplication", "LinkedListApplication\LinkedListApplication.csproj", "{18CD0D4F-F932-4581-9534-CA628E278C0B}"
EndProject
Project("{FAE04EC0-301F-11D3-BF4B-00C04F79EFBC}") = "LinkedListApplicationTest", "LinkedListApplicationTest\LinkedListApplicationTest.csproj", "{93CBFDF9-8125-437C-AB3D-F50EC9C2DF2E}"
EndProject
Project("{2150E333-8FDC-42A3-9474-1A3956D46DE8}") = "Solution Items", "Solution Items", "{68884E3A-AB87-4188-83EC-9AC3EE7B5FCA}"
	ProjectSection(SolutionItems) = preProject
		LinkedListApplication.vsmdi = LinkedListApplication.vsmdi
		Local.testsettings = Local.testsettings
		TraceAndTestImpact.testsettings = TraceAndTestImpact.testsettings
	EndProjectSection
EndProject
Global
	GlobalSection(TestCaseManagementSettings) = postSolution
		CategoryFile = LinkedListApplication.vsmdi
	EndGlobalSection
	GlobalSection(SolutionConfigurationPlatforms) = preSolution
		Debug|Any CPU = Debug|Any CPU
		Debug|Mixed Platforms = Debug|Mixed Platforms
		Debug|x86 = Debug|x86
		Release|Any CPU = Release|Any CPU
		Release|Mixed Platforms = Release|Mixed Platforms
		Release|x86 = Release|x86
	EndGlobalSection
	GlobalSection(ProjectConfigurationPlatforms) = postSolution
		{18CD0D4F-F932-4581-9534-CA628E278C0B}.Debug|Any CPU.ActiveCfg = Debug|x86
		{18CD0D4F-F932-4581-9534-CA628E278C0B}.Debug|Mixed Platforms.ActiveCfg = Debug|x86
		{18CD0D4F-F932-4581-9534-CA628E278C0B}.Debug|Mixed Platforms.Build.0 = Debug|x86
		{18CD0D4F-F932-4581-9534-CA628E278C0B}.Debug|x86.ActiveCfg = Debug|x86
		{18CD0D4F-F932-4581-9534-CA628E278C0B}.Debug|x86.Build.0 = Debug|x86
		{18CD0D4F-F932-4581-9534-CA628E278C0B}.Release|Any CPU.ActiveCfg = Release|x86
		{18CD0D4F-F932-4581-9534-CA628E278C0B}.Release|Mixed Platforms.ActiveCfg = Release|x86
		{18CD0D4F-F932-4581-9534-CA628E278C0B}.Release|Mixed Platforms.Build.0 = Release|x86
		{18CD0D4F-F932-4581-9534-CA628E278C0B}.Release|x86.ActiveCfg = Release|x86
		{18CD0D4F-F932-4581-9534-CA628E278C0B}.Release|x86.Build.0 = Release|x86
		{93CBFDF9-8125-437C-AB3D-F50EC9C2DF2E}.Debug|Any CPU.ActiveCfg = Debug|Any CPU
		{93CBFDF9-8125-437C-AB3D-F50EC9C2DF2E}.Debug|Any CPU.Build.0 = Debug|Any CPU
		{93CBFDF9-8125-437C-AB3D-F50EC9C2DF2E}.Debug|Mixed Platforms.ActiveCfg = Debug|Any CPU
		{93CBFDF9-8125-437C-AB3D-F50EC9C2DF2E}.Debug|Mixed Platforms.Build.0 = Debug|Any CPU
		{93CBFDF9-8125-437C-AB3D-F50EC9C2DF2E}.Debug|x86.ActiveCfg = Debug|Any CPU
		{93CBFDF9-8125-437C-AB3D-F50EC9C2DF2E}.Release|Any CPU.ActiveCfg = Release|Any CPU
		{93CBFDF9-8125-437C-AB3D-F50EC9C2DF2E}.Release|Any CPU.Build.0 = Release|Any CPU
		{93CBFDF9-8125-437C-AB3D-F50EC9C2DF2E}.Release|Mixed Platforms.ActiveCfg = Release|Any CPU
		{93CBFDF9-8125-437C-AB3D-F50EC9C2DF2E}.Release|Mixed Platforms.Build.0 = Release|Any CPU
		{93CBFDF9-8125-437C-AB3D-F50EC9C2DF2E}.Release|x86.ActiveCfg = Release|Any CPU
	EndGlobalSection
	GlobalSection(SolutionProperties) = preSolution
		HideSolutionNode = FALSE
	EndGlobalSection
EndGlobal
